
Microsoft Visual Studio Solution File, Format Version 12.00
# Visual Studio Version 17
VisualStudioVersion = 17.0.31903.59
MinimumVisualStudioVersion = 10.0.40219.1
Project("{FAE04EC0-301F-11D3-BF4B-00C04F79EFBC}") = "MyMath", "MyMath\MyMath.csproj", "{C36A22EC-303E-45A4-96E8-0761F3176F79}"
EndProject
Project("{FAE04EC0-301F-11D3-BF4B-00C04F79EFBC}") = "MyMath.Tests", "MyMath.Tests\MyMath.Tests.csproj", "{016B32C5-FDAB-4CC6-A04C-79C411C8FDBF}"
EndProject
Global
	GlobalSection(SolutionConfigurationPlatforms) = preSolution
		Debug|Any CPU = Debug|Any CPU
		Release|Any CPU = Release|Any CPU
	EndGlobalSection
	GlobalSection(SolutionProperties) = preSolution
		HideSolutionNode = FALSE
	EndGlobalSection
	GlobalSection(ProjectConfigurationPlatforms) = postSolution
		{C36A22EC-303E-45A4-96E8-0761F3176F79}.Debug|Any CPU.ActiveCfg = Debug|Any CPU
		{C36A22EC-303E-45A4-96E8-0761F3176F79}.Debug|Any CPU.Build.0 = Debug|Any CPU
		{C36A22EC-303E-45A4-96E8-0761F3176F79}.Release|Any CPU.ActiveCfg = Release|Any CPU
		{C36A22EC-303E-45A4-96E8-0761F3176F79}.Release|Any CPU.Build.0 = Release|Any CPU
		{016B32C5-FDAB-4CC6-A04C-79C411C8FDBF}.Debug|Any CPU.ActiveCfg = Debug|Any CPU
		{016B32C5-FDAB-4CC6-A04C-79C411C8FDBF}.Debug|Any CPU.Build.0 = Debug|Any CPU
		{016B32C5-FDAB-4CC6-A04C-79C411C8FDBF}.Release|Any CPU.ActiveCfg = Release|Any CPU
		{016B32C5-FDAB-4CC6-A04C-79C411C8FDBF}.Release|Any CPU.Build.0 = Release|Any CPU
	EndGlobalSection
EndGlobal
